
Microsoft Visual Studio Solution File, Format Version 12.00
# Visual Studio Version 17
VisualStudioVersion = 17.7.34031.279
MinimumVisualStudioVersion = 10.0.40219.1
Project("{9A19103F-16F7-4668-BE54-9A1E7A4F7556}") = "OdooUI", "OdooUI.csproj", "{182D8A8F-353C-470E-8183-829D14097011}"
EndProject
Project("{9A19103F-16F7-4668-BE54-9A1E7A4F7556}") = "Core", "..\Core\Core.csproj", "{6B02221A-3F4C-4129-AFB8-46421A0B5105}"
EndProject
Project("{9A19103F-16F7-4668-BE54-9A1E7A4F7556}") = "OdooXmlRpc", "..\OdooXmlRpc\OdooXmlRpc.csproj", "{C6D938F8-5B49-42D8-BF15-4CA9EB07BDBC}"
EndProject
Project("{9A19103F-16F7-4668-BE54-9A1E7A4F7556}") = "OdooApi", "..\OdooApi\OdooApi.csproj", "{172DDE96-E541-4C7E-A58E-C5D26CF288DE}"
EndProject
Project("{9A19103F-16F7-4668-BE54-9A1E7A4F7556}") = "odooConsoleApp", "..\odooConsoleApp\odooConsoleApp.csproj", "{5CBC1592-B1E8-4D5F-9630-F553849877F2}"
EndProject
Project("{9A19103F-16F7-4668-BE54-9A1E7A4F7556}") = "OdooWorkerService", "..\OdooWorkerService\OdooWorkerService.csproj", "{FEBAD0CD-B4ED-49D2-9DE0-4FFDF264ADB8}"
EndProject
Global
	GlobalSection(SolutionConfigurationPlatforms) = preSolution
		Debug|Any CPU = Debug|Any CPU
		Release|Any CPU = Release|Any CPU
	EndGlobalSection
	GlobalSection(ProjectConfigurationPlatforms) = postSolution
		{182D8A8F-353C-470E-8183-829D14097011}.Debug|Any CPU.ActiveCfg = Debug|Any CPU
		{182D8A8F-353C-470E-8183-829D14097011}.Debug|Any CPU.Build.0 = Debug|Any CPU
		{182D8A8F-353C-470E-8183-829D14097011}.Release|Any CPU.ActiveCfg = Release|Any CPU
		{182D8A8F-353C-470E-8183-829D14097011}.Release|Any CPU.Build.0 = Release|Any CPU
		{6B02221A-3F4C-4129-AFB8-46421A0B5105}.Debug|Any CPU.ActiveCfg = Debug|Any CPU
		{6B02221A-3F4C-4129-AFB8-46421A0B5105}.Debug|Any CPU.Build.0 = Debug|Any CPU
		{6B02221A-3F4C-4129-AFB8-46421A0B5105}.Release|Any CPU.ActiveCfg = Release|Any CPU
		{6B02221A-3F4C-4129-AFB8-46421A0B5105}.Release|Any CPU.Build.0 = Release|Any CPU
		{C6D938F8-5B49-42D8-BF15-4CA9EB07BDBC}.Debug|Any CPU.ActiveCfg = Debug|Any CPU
		{C6D938F8-5B49-42D8-BF15-4CA9EB07BDBC}.Debug|Any CPU.Build.0 = Debug|Any CPU
		{C6D938F8-5B49-42D8-BF15-4CA9EB07BDBC}.Release|Any CPU.ActiveCfg = Release|Any CPU
		{C6D938F8-5B49-42D8-BF15-4CA9EB07BDBC}.Release|Any CPU.Build.0 = Release|Any CPU
		{172DDE96-E541-4C7E-A58E-C5D26CF288DE}.Debug|Any CPU.ActiveCfg = Debug|Any CPU
		{172DDE96-E541-4C7E-A58E-C5D26CF288DE}.Debug|Any CPU.Build.0 = Debug|Any CPU
		{172DDE96-E541-4C7E-A58E-C5D26CF288DE}.Release|Any CPU.ActiveCfg = Release|Any CPU
		{172DDE96-E541-4C7E-A58E-C5D26CF288DE}.Release|Any CPU.Build.0 = Release|Any CPU
		{5CBC1592-B1E8-4D5F-9630-F553849877F2}.Debug|Any CPU.ActiveCfg = Debug|Any CPU
		{5CBC1592-B1E8-4D5F-9630-F553849877F2}.Debug|Any CPU.Build.0 = Debug|Any CPU
		{5CBC1592-B1E8-4D5F-9630-F553849877F2}.Release|Any CPU.ActiveCfg = Release|Any CPU
		{5CBC1592-B1E8-4D5F-9630-F553849877F2}.Release|Any CPU.Build.0 = Release|Any CPU
		{FEBAD0CD-B4ED-49D2-9DE0-4FFDF264ADB8}.Debug|Any CPU.ActiveCfg = Debug|Any CPU
		{FEBAD0CD-B4ED-49D2-9DE0-4FFDF264ADB8}.Debug|Any CPU.Build.0 = Debug|Any CPU
		{FEBAD0CD-B4ED-49D2-9DE0-4FFDF264ADB8}.Release|Any CPU.ActiveCfg = Release|Any CPU
		{FEBAD0CD-B4ED-49D2-9DE0-4FFDF264ADB8}.Release|Any CPU.Build.0 = Release|Any CPU
	EndGlobalSection
	GlobalSection(SolutionProperties) = preSolution
		HideSolutionNode = FALSE
	EndGlobalSection
	GlobalSection(ExtensibilityGlobals) = postSolution
		SolutionGuid = {E7CE8288-E9FD-40E0-8DFC-C9FD4E381D3D}
	EndGlobalSection
EndGlobal
